
Microsoft Visual Studio Solution File, Format Version 12.00
# Visual Studio Version 17
VisualStudioVersion = 17.5.33516.290
MinimumVisualStudioVersion = 10.0.40219.1
Project("{FAE04EC0-301F-11D3-BF4B-00C04F79EFBC}") = "UI", "UI\UI.csproj", "{EE8DA77A-6ED5-4802-B3CF-652AADAF81DE}"
EndProject
Project("{FAE04EC0-301F-11D3-BF4B-00C04F79EFBC}") = "Common", "Common\Common.csproj", "{78E2DE93-23A1-44D9-8E50-C34008325052}"
EndProject
Global
	GlobalSection(SolutionConfigurationPlatforms) = preSolution
		Debug|Any CPU = Debug|Any CPU
		Release|Any CPU = Release|Any CPU
	EndGlobalSection
	GlobalSection(ProjectConfigurationPlatforms) = postSolution
		{EE8DA77A-6ED5-4802-B3CF-652AADAF81DE}.Debug|Any CPU.ActiveCfg = Debug|Any CPU
		{EE8DA77A-6ED5-4802-B3CF-652AADAF81DE}.Debug|Any CPU.Build.0 = Debug|Any CPU
		{EE8DA77A-6ED5-4802-B3CF-652AADAF81DE}.Release|Any CPU.ActiveCfg = Release|Any CPU
		{EE8DA77A-6ED5-4802-B3CF-652AADAF81DE}.Release|Any CPU.Build.0 = Release|Any CPU
		{78E2DE93-23A1-44D9-8E50-C34008325052}.Debug|Any CPU.ActiveCfg = Debug|Any CPU
		{78E2DE93-23A1-44D9-8E50-C34008325052}.Debug|Any CPU.Build.0 = Debug|Any CPU
		{78E2DE93-23A1-44D9-8E50-C34008325052}.Release|Any CPU.ActiveCfg = Release|Any CPU
		{78E2DE93-23A1-44D9-8E50-C34008325052}.Release|Any CPU.Build.0 = Release|Any CPU
	EndGlobalSection
	GlobalSection(SolutionProperties) = preSolution
		HideSolutionNode = FALSE
	EndGlobalSection
	GlobalSection(ExtensibilityGlobals) = postSolution
		SolutionGuid = {E122216E-525A-46DB-AEBC-BD1DF6DCC882}
	EndGlobalSection
EndGlobal
