
Microsoft Visual Studio Solution File, Format Version 12.00
# Visual Studio Version 16
VisualStudioVersion = 16.0.32413.511
MinimumVisualStudioVersion = 10.0.40219.1
Project("{FAE04EC0-301F-11D3-BF4B-00C04F79EFBC}") = "K2 G8", "K2 G8.csproj", "{AA9015C8-4738-4451-BB9E-92214594490B}"
EndProject
Global
	GlobalSection(SolutionConfigurationPlatforms) = preSolution
		Debug|Any CPU = Debug|Any CPU
		Release|Any CPU = Release|Any CPU
	EndGlobalSection
	GlobalSection(ProjectConfigurationPlatforms) = postSolution
		{AA9015C8-4738-4451-BB9E-92214594490B}.Debug|Any CPU.ActiveCfg = Debug|Any CPU
		{AA9015C8-4738-4451-BB9E-92214594490B}.Debug|Any CPU.Build.0 = Debug|Any CPU
		{AA9015C8-4738-4451-BB9E-92214594490B}.Release|Any CPU.ActiveCfg = Release|Any CPU
		{AA9015C8-4738-4451-BB9E-92214594490B}.Release|Any CPU.Build.0 = Release|Any CPU
	EndGlobalSection
	GlobalSection(SolutionProperties) = preSolution
		HideSolutionNode = FALSE
	EndGlobalSection
	GlobalSection(ExtensibilityGlobals) = postSolution
		SolutionGuid = {72CDF457-E29C-47E8-976E-332F439292BE}
	EndGlobalSection
EndGlobal
