
Microsoft Visual Studio Solution File, Format Version 12.00
# Visual Studio Version 17
VisualStudioVersion = 17.0.32112.339
MinimumVisualStudioVersion = 10.0.40219.1
Project("{FAE04EC0-301F-11D3-BF4B-00C04F79EFBC}") = "NovaKomanda", "NovaKomanda\NovaKomanda.csproj", "{B711EF8D-5F70-4934-8CE2-AE0E1D68D838}"
EndProject
Global
	GlobalSection(SolutionConfigurationPlatforms) = preSolution
		Debug|Any CPU = Debug|Any CPU
		Release|Any CPU = Release|Any CPU
	EndGlobalSection
	GlobalSection(ProjectConfigurationPlatforms) = postSolution
		{B711EF8D-5F70-4934-8CE2-AE0E1D68D838}.Debug|Any CPU.ActiveCfg = Debug|Any CPU
		{B711EF8D-5F70-4934-8CE2-AE0E1D68D838}.Debug|Any CPU.Build.0 = Debug|Any CPU
		{B711EF8D-5F70-4934-8CE2-AE0E1D68D838}.Release|Any CPU.ActiveCfg = Release|Any CPU
		{B711EF8D-5F70-4934-8CE2-AE0E1D68D838}.Release|Any CPU.Build.0 = Release|Any CPU
	EndGlobalSection
	GlobalSection(SolutionProperties) = preSolution
		HideSolutionNode = FALSE
	EndGlobalSection
	GlobalSection(ExtensibilityGlobals) = postSolution
		SolutionGuid = {9AF95215-1466-426E-98C2-B411B7369A1D}
	EndGlobalSection
EndGlobal
