
Microsoft Visual Studio Solution File, Format Version 12.00
# Visual Studio Version 16
VisualStudioVersion = 16.0.32630.194
MinimumVisualStudioVersion = 10.0.40219.1
Project("{FAE04EC0-301F-11D3-BF4B-00C04F79EFBC}") = "Servis", "Servis\Servis.csproj", "{871FCA2A-7BFF-4C08-A5BB-D042C994A15B}"
EndProject
Project("{FAE04EC0-301F-11D3-BF4B-00C04F79EFBC}") = "Common", "Common\Common.csproj", "{A11761D1-CB78-461D-9B36-03C2338D6C19}"
EndProject
Project("{FAE04EC0-301F-11D3-BF4B-00C04F79EFBC}") = "Klijent", "Klijent\Klijent.csproj", "{F25F571C-CD95-418C-9D96-ABD4FFF8D46B}"
EndProject
Global
	GlobalSection(SolutionConfigurationPlatforms) = preSolution
		Debug|Any CPU = Debug|Any CPU
		Release|Any CPU = Release|Any CPU
	EndGlobalSection
	GlobalSection(ProjectConfigurationPlatforms) = postSolution
		{871FCA2A-7BFF-4C08-A5BB-D042C994A15B}.Debug|Any CPU.ActiveCfg = Debug|Any CPU
		{871FCA2A-7BFF-4C08-A5BB-D042C994A15B}.Debug|Any CPU.Build.0 = Debug|Any CPU
		{871FCA2A-7BFF-4C08-A5BB-D042C994A15B}.Release|Any CPU.ActiveCfg = Release|Any CPU
		{871FCA2A-7BFF-4C08-A5BB-D042C994A15B}.Release|Any CPU.Build.0 = Release|Any CPU
		{A11761D1-CB78-461D-9B36-03C2338D6C19}.Debug|Any CPU.ActiveCfg = Debug|Any CPU
		{A11761D1-CB78-461D-9B36-03C2338D6C19}.Debug|Any CPU.Build.0 = Debug|Any CPU
		{A11761D1-CB78-461D-9B36-03C2338D6C19}.Release|Any CPU.ActiveCfg = Release|Any CPU
		{A11761D1-CB78-461D-9B36-03C2338D6C19}.Release|Any CPU.Build.0 = Release|Any CPU
		{F25F571C-CD95-418C-9D96-ABD4FFF8D46B}.Debug|Any CPU.ActiveCfg = Debug|Any CPU
		{F25F571C-CD95-418C-9D96-ABD4FFF8D46B}.Debug|Any CPU.Build.0 = Debug|Any CPU
		{F25F571C-CD95-418C-9D96-ABD4FFF8D46B}.Release|Any CPU.ActiveCfg = Release|Any CPU
		{F25F571C-CD95-418C-9D96-ABD4FFF8D46B}.Release|Any CPU.Build.0 = Release|Any CPU
	EndGlobalSection
	GlobalSection(SolutionProperties) = preSolution
		HideSolutionNode = FALSE
	EndGlobalSection
	GlobalSection(ExtensibilityGlobals) = postSolution
		SolutionGuid = {FA89766F-A676-4A1B-A80C-B0D273DF92EF}
	EndGlobalSection
EndGlobal
