
Microsoft Visual Studio Solution File, Format Version 12.00
# Visual Studio Version 16
VisualStudioVersion = 16.0.30907.101
MinimumVisualStudioVersion = 10.0.40219.1
Project("{FAE04EC0-301F-11D3-BF4B-00C04F79EFBC}") = "Server", "Server\Server.csproj", "{21D9181C-05AE-4874-87AA-A8EDEA5C6535}"
EndProject
Project("{FAE04EC0-301F-11D3-BF4B-00C04F79EFBC}") = "Client", "Client\Client.csproj", "{F28A7CAD-127E-464E-8A98-A37FFD3685BC}"
EndProject
Project("{FAE04EC0-301F-11D3-BF4B-00C04F79EFBC}") = "Common", "Common\Common.csproj", "{3807B50F-49F1-464E-806B-64851AA94B40}"
EndProject
Project("{FAE04EC0-301F-11D3-BF4B-00C04F79EFBC}") = "Replikator", "Replikator\Replikator.csproj", "{041B3411-D596-4F5D-856F-2BD353301907}"
EndProject
Global
	GlobalSection(SolutionConfigurationPlatforms) = preSolution
		Debug|Any CPU = Debug|Any CPU
		Release|Any CPU = Release|Any CPU
	EndGlobalSection
	GlobalSection(ProjectConfigurationPlatforms) = postSolution
		{21D9181C-05AE-4874-87AA-A8EDEA5C6535}.Debug|Any CPU.ActiveCfg = Debug|Any CPU
		{21D9181C-05AE-4874-87AA-A8EDEA5C6535}.Debug|Any CPU.Build.0 = Debug|Any CPU
		{21D9181C-05AE-4874-87AA-A8EDEA5C6535}.Release|Any CPU.ActiveCfg = Release|Any CPU
		{21D9181C-05AE-4874-87AA-A8EDEA5C6535}.Release|Any CPU.Build.0 = Release|Any CPU
		{F28A7CAD-127E-464E-8A98-A37FFD3685BC}.Debug|Any CPU.ActiveCfg = Debug|Any CPU
		{F28A7CAD-127E-464E-8A98-A37FFD3685BC}.Debug|Any CPU.Build.0 = Debug|Any CPU
		{F28A7CAD-127E-464E-8A98-A37FFD3685BC}.Release|Any CPU.ActiveCfg = Release|Any CPU
		{F28A7CAD-127E-464E-8A98-A37FFD3685BC}.Release|Any CPU.Build.0 = Release|Any CPU
		{3807B50F-49F1-464E-806B-64851AA94B40}.Debug|Any CPU.ActiveCfg = Debug|Any CPU
		{3807B50F-49F1-464E-806B-64851AA94B40}.Debug|Any CPU.Build.0 = Debug|Any CPU
		{3807B50F-49F1-464E-806B-64851AA94B40}.Release|Any CPU.ActiveCfg = Release|Any CPU
		{3807B50F-49F1-464E-806B-64851AA94B40}.Release|Any CPU.Build.0 = Release|Any CPU
		{041B3411-D596-4F5D-856F-2BD353301907}.Debug|Any CPU.ActiveCfg = Debug|Any CPU
		{041B3411-D596-4F5D-856F-2BD353301907}.Debug|Any CPU.Build.0 = Debug|Any CPU
		{041B3411-D596-4F5D-856F-2BD353301907}.Release|Any CPU.ActiveCfg = Release|Any CPU
		{041B3411-D596-4F5D-856F-2BD353301907}.Release|Any CPU.Build.0 = Release|Any CPU
	EndGlobalSection
	GlobalSection(SolutionProperties) = preSolution
		HideSolutionNode = FALSE
	EndGlobalSection
	GlobalSection(ExtensibilityGlobals) = postSolution
		SolutionGuid = {33300EFD-3CAB-4D68-BF54-076066F9584E}
	EndGlobalSection
EndGlobal
