
Microsoft Visual Studio Solution File, Format Version 12.00
# Visual Studio Version 16
VisualStudioVersion = 16.0.32413.511
MinimumVisualStudioVersion = 10.0.40219.1
Project("{FAE04EC0-301F-11D3-BF4B-00C04F79EFBC}") = "Zadatak 02 Stavka", "Zadatak 02 Stavka.csproj", "{2752B450-C533-44A8-A7D4-E8E5C2E29041}"
EndProject
Global
	GlobalSection(SolutionConfigurationPlatforms) = preSolution
		Debug|Any CPU = Debug|Any CPU
		Release|Any CPU = Release|Any CPU
	EndGlobalSection
	GlobalSection(ProjectConfigurationPlatforms) = postSolution
		{2752B450-C533-44A8-A7D4-E8E5C2E29041}.Debug|Any CPU.ActiveCfg = Debug|Any CPU
		{2752B450-C533-44A8-A7D4-E8E5C2E29041}.Debug|Any CPU.Build.0 = Debug|Any CPU
		{2752B450-C533-44A8-A7D4-E8E5C2E29041}.Release|Any CPU.ActiveCfg = Release|Any CPU
		{2752B450-C533-44A8-A7D4-E8E5C2E29041}.Release|Any CPU.Build.0 = Release|Any CPU
	EndGlobalSection
	GlobalSection(SolutionProperties) = preSolution
		HideSolutionNode = FALSE
	EndGlobalSection
	GlobalSection(ExtensibilityGlobals) = postSolution
		SolutionGuid = {8FC6AFED-DD0A-4C07-B77B-58CB1AFB67D8}
	EndGlobalSection
EndGlobal
