
Microsoft Visual Studio Solution File, Format Version 12.00
# Visual Studio Version 16
VisualStudioVersion = 16.0.32630.194
MinimumVisualStudioVersion = 10.0.40219.1
Project("{FAE04EC0-301F-11D3-BF4B-00C04F79EFBC}") = "MVVM1", "MVVM1\MVVM1.csproj", "{3E93BFC4-DADE-480A-B094-8DC416BA4C8E}"
EndProject
Global
	GlobalSection(SolutionConfigurationPlatforms) = preSolution
		Debug|Any CPU = Debug|Any CPU
		Release|Any CPU = Release|Any CPU
	EndGlobalSection
	GlobalSection(ProjectConfigurationPlatforms) = postSolution
		{3E93BFC4-DADE-480A-B094-8DC416BA4C8E}.Debug|Any CPU.ActiveCfg = Debug|Any CPU
		{3E93BFC4-DADE-480A-B094-8DC416BA4C8E}.Debug|Any CPU.Build.0 = Debug|Any CPU
		{3E93BFC4-DADE-480A-B094-8DC416BA4C8E}.Release|Any CPU.ActiveCfg = Release|Any CPU
		{3E93BFC4-DADE-480A-B094-8DC416BA4C8E}.Release|Any CPU.Build.0 = Release|Any CPU
	EndGlobalSection
	GlobalSection(SolutionProperties) = preSolution
		HideSolutionNode = FALSE
	EndGlobalSection
	GlobalSection(ExtensibilityGlobals) = postSolution
		SolutionGuid = {019FF27C-ED38-4C5C-936B-D68E2FA4A94E}
	EndGlobalSection
EndGlobal
