
Microsoft Visual Studio Solution File, Format Version 12.00
# Visual Studio Version 17
VisualStudioVersion = 17.0.32112.339
MinimumVisualStudioVersion = 10.0.40219.1
Project("{FAE04EC0-301F-11D3-BF4B-00C04F79EFBC}") = "Zadatak4", "Zadatak4\Zadatak4.csproj", "{6DF85342-EDE1-4A52-8283-A859DC38CA8E}"
EndProject
Global
	GlobalSection(SolutionConfigurationPlatforms) = preSolution
		Debug|Any CPU = Debug|Any CPU
		Release|Any CPU = Release|Any CPU
	EndGlobalSection
	GlobalSection(ProjectConfigurationPlatforms) = postSolution
		{6DF85342-EDE1-4A52-8283-A859DC38CA8E}.Debug|Any CPU.ActiveCfg = Debug|Any CPU
		{6DF85342-EDE1-4A52-8283-A859DC38CA8E}.Debug|Any CPU.Build.0 = Debug|Any CPU
		{6DF85342-EDE1-4A52-8283-A859DC38CA8E}.Release|Any CPU.ActiveCfg = Release|Any CPU
		{6DF85342-EDE1-4A52-8283-A859DC38CA8E}.Release|Any CPU.Build.0 = Release|Any CPU
	EndGlobalSection
	GlobalSection(SolutionProperties) = preSolution
		HideSolutionNode = FALSE
	EndGlobalSection
	GlobalSection(ExtensibilityGlobals) = postSolution
		SolutionGuid = {F886E267-9FBD-456B-B6BB-05F8F3FD1FA7}
	EndGlobalSection
EndGlobal
