
Microsoft Visual Studio Solution File, Format Version 12.00
# Visual Studio Version 16
VisualStudioVersion = 16.0.29709.97
MinimumVisualStudioVersion = 10.0.40219.1
Project("{FAE04EC0-301F-11D3-BF4B-00C04F79EFBC}") = "TextEditor", "TextEditor\TextEditor.csproj", "{342486C6-EB1A-42EC-9F63-94F64CC30819}"
EndProject
Global
	GlobalSection(SolutionConfigurationPlatforms) = preSolution
		Debug|Any CPU = Debug|Any CPU
		Release|Any CPU = Release|Any CPU
	EndGlobalSection
	GlobalSection(ProjectConfigurationPlatforms) = postSolution
		{342486C6-EB1A-42EC-9F63-94F64CC30819}.Debug|Any CPU.ActiveCfg = Debug|Any CPU
		{342486C6-EB1A-42EC-9F63-94F64CC30819}.Debug|Any CPU.Build.0 = Debug|Any CPU
		{342486C6-EB1A-42EC-9F63-94F64CC30819}.Release|Any CPU.ActiveCfg = Release|Any CPU
		{342486C6-EB1A-42EC-9F63-94F64CC30819}.Release|Any CPU.Build.0 = Release|Any CPU
	EndGlobalSection
	GlobalSection(SolutionProperties) = preSolution
		HideSolutionNode = FALSE
	EndGlobalSection
	GlobalSection(ExtensibilityGlobals) = postSolution
		SolutionGuid = {7D325DB9-FE71-4EE6-A89F-5B8020A3A222}
	EndGlobalSection
EndGlobal
