
Microsoft Visual Studio Solution File, Format Version 12.00
# Visual Studio Version 16
VisualStudioVersion = 16.0.32929.386
MinimumVisualStudioVersion = 10.0.40219.1
Project("{FAE04EC0-301F-11D3-BF4B-00C04F79EFBC}") = "DragAndDrop", "DragAndDrop\DragAndDrop.csproj", "{5B98413B-26B0-4AF1-91B3-6D48951099E1}"
EndProject
Global
	GlobalSection(SolutionConfigurationPlatforms) = preSolution
		Debug|Any CPU = Debug|Any CPU
		Release|Any CPU = Release|Any CPU
	EndGlobalSection
	GlobalSection(ProjectConfigurationPlatforms) = postSolution
		{5B98413B-26B0-4AF1-91B3-6D48951099E1}.Debug|Any CPU.ActiveCfg = Debug|Any CPU
		{5B98413B-26B0-4AF1-91B3-6D48951099E1}.Debug|Any CPU.Build.0 = Debug|Any CPU
		{5B98413B-26B0-4AF1-91B3-6D48951099E1}.Release|Any CPU.ActiveCfg = Release|Any CPU
		{5B98413B-26B0-4AF1-91B3-6D48951099E1}.Release|Any CPU.Build.0 = Release|Any CPU
	EndGlobalSection
	GlobalSection(SolutionProperties) = preSolution
		HideSolutionNode = FALSE
	EndGlobalSection
	GlobalSection(ExtensibilityGlobals) = postSolution
		SolutionGuid = {58B13609-AAD2-473C-A53F-9B5F910E33B1}
	EndGlobalSection
EndGlobal
